// !$*UTF8*$!
{
	archiveVersion = 1;
	classes = {
	};
	objectVersion = 46;
	objects = {

/* Begin PBXBuildFile section */
		75D9CBBF1B8C929D00AD4208 /* Storyboard.storyboard in Resources */ = {isa = PBXBuildFile; fileRef = 75D9CBBE1B8C929D00AD4208 /* Storyboard.storyboard */; };
		A3D891D71B85C68900819923 /* AppDelegate.m in Sources */ = {isa = PBXBuildFile; fileRef = A3D891CD1B85C68900819923 /* AppDelegate.m */; };
		A3D891D91B85C68900819923 /* main.m in Sources */ = {isa = PBXBuildFile; fileRef = A3D891D01B85C68900819923 /* main.m */; };
		A3D891DA1B85C68900819923 /* LaunchScreen.xib in Resources */ = {isa = PBXBuildFile; fileRef = A3D891D21B85C68900819923 /* LaunchScreen.xib */; };
		A3D891DC1B85C68900819923 /* Images.xcassets in Resources */ = {isa = PBXBuildFile; fileRef = A3D891D61B85C68900819923 /* Images.xcassets */; };
		A3D891E71B85E23500819923 /* FMUserTests.m in Sources */ = {isa = PBXBuildFile; fileRef = A3D891E61B85E23500819923 /* FMUserTests.m */; };
		A3D891F01B86134100819923 /* FMFakeLoginView.m in Sources */ = {isa = PBXBuildFile; fileRef = A3D891EF1B86134100819923 /* FMFakeLoginView.m */; };
		A3D891F51B8614DE00819923 /* FMViewControllerTests.m in Sources */ = {isa = PBXBuildFile; fileRef = A3D891F41B8614DE00819923 /* FMViewControllerTests.m */; };
		A3D891FD1B86170400819923 /* FMFakeLoginHandler.m in Sources */ = {isa = PBXBuildFile; fileRef = A3D891FC1B86170400819923 /* FMFakeLoginHandler.m */; };
		A3D8920A1B861B6F00819923 /* libOCMock.a in Frameworks */ = {isa = PBXBuildFile; fileRef = A3D891FF1B861B6F00819923 /* libOCMock.a */; };
		A3D8921A1B8633AF00819923 /* FMViewController.m in Sources */ = {isa = PBXBuildFile; fileRef = A3D8920D1B8633AF00819923 /* FMViewController.m */; };
		A3D8921B1B8633AF00819923 /* FMLoginHandler.m in Sources */ = {isa = PBXBuildFile; fileRef = A3D892101B8633AF00819923 /* FMLoginHandler.m */; };
		A3D8921C1B8633AF00819923 /* FMUser.m in Sources */ = {isa = PBXBuildFile; fileRef = A3D892131B8633AF00819923 /* FMUser.m */; };
		A3D8921D1B8633AF00819923 /* FMLoginStorage.m in Sources */ = {isa = PBXBuildFile; fileRef = A3D892161B8633AF00819923 /* FMLoginStorage.m */; };
		A3D8921E1B8633AF00819923 /* FMLoginView.m in Sources */ = {isa = PBXBuildFile; fileRef = A3D892191B8633AF00819923 /* FMLoginView.m */; };
/* End PBXBuildFile section */

/* Begin PBXContainerItemProxy section */
		A3D891BB1B85C59200819923 /* PBXContainerItemProxy */ = {
			isa = PBXContainerItemProxy;
			containerPortal = A3D891991B85C59200819923 /* Project object */;
			proxyType = 1;
			remoteGlobalIDString = A3D891A01B85C59200819923;
			remoteInfo = FightingMonster;
		};
/* End PBXContainerItemProxy section */

/* Begin PBXFileReference section */
		75D9CBBE1B8C929D00AD4208 /* Storyboard.storyboard */ = {isa = PBXFileReference; fileEncoding = 4; lastKnownFileType = file.storyboard; path = Storyboard.storyboard; sourceTree = "<group>"; };
		A3D891A11B85C59200819923 /* FightingMonster.app */ = {isa = PBXFileReference; explicitFileType = wrapper.application; includeInIndex = 0; path = FightingMonster.app; sourceTree = BUILT_PRODUCTS_DIR; };
		A3D891BA1B85C59200819923 /* FightingMonsterTests.xctest */ = {isa = PBXFileReference; explicitFileType = wrapper.cfbundle; includeInIndex = 0; path = FightingMonsterTests.xctest; sourceTree = BUILT_PRODUCTS_DIR; };
		A3D891BF1B85C59200819923 /* Info.plist */ = {isa = PBXFileReference; lastKnownFileType = text.plist.xml; path = Info.plist; sourceTree = "<group>"; };
		A3D891CC1B85C68900819923 /* AppDelegate.h */ = {isa = PBXFileReference; fileEncoding = 4; lastKnownFileType = sourcecode.c.h; path = AppDelegate.h; sourceTree = "<group>"; };
		A3D891CD1B85C68900819923 /* AppDelegate.m */ = {isa = PBXFileReference; fileEncoding = 4; lastKnownFileType = sourcecode.c.objc; path = AppDelegate.m; sourceTree = "<group>"; };
		A3D891CF1B85C68900819923 /* Info.plist */ = {isa = PBXFileReference; fileEncoding = 4; lastKnownFileType = text.plist.xml; path = Info.plist; sourceTree = "<group>"; };
		A3D891D01B85C68900819923 /* main.m */ = {isa = PBXFileReference; fileEncoding = 4; lastKnownFileType = sourcecode.c.objc; path = main.m; sourceTree = "<group>"; };
		A3D891D31B85C68900819923 /* Base */ = {isa = PBXFileReference; lastKnownFileType = file.xib; name = Base; path = Base.lproj/LaunchScreen.xib; sourceTree = "<group>"; };
		A3D891D61B85C68900819923 /* Images.xcassets */ = {isa = PBXFileReference; lastKnownFileType = folder.assetcatalog; path = Images.xcassets; sourceTree = "<group>"; };
		A3D891E61B85E23500819923 /* FMUserTests.m */ = {isa = PBXFileReference; fileEncoding = 4; lastKnownFileType = sourcecode.c.objc; path = FMUserTests.m; sourceTree = "<group>"; };
		A3D891EE1B86134100819923 /* FMFakeLoginView.h */ = {isa = PBXFileReference; fileEncoding = 4; lastKnownFileType = sourcecode.c.h; path = FMFakeLoginView.h; sourceTree = "<group>"; };
		A3D891EF1B86134100819923 /* FMFakeLoginView.m */ = {isa = PBXFileReference; fileEncoding = 4; lastKnownFileType = sourcecode.c.objc; path = FMFakeLoginView.m; sourceTree = "<group>"; };
		A3D891F41B8614DE00819923 /* FMViewControllerTests.m */ = {isa = PBXFileReference; fileEncoding = 4; lastKnownFileType = sourcecode.c.objc; path = FMViewControllerTests.m; sourceTree = "<group>"; };
		A3D891FB1B86170400819923 /* FMFakeLoginHandler.h */ = {isa = PBXFileReference; fileEncoding = 4; lastKnownFileType = sourcecode.c.h; path = FMFakeLoginHandler.h; sourceTree = "<group>"; };
		A3D891FC1B86170400819923 /* FMFakeLoginHandler.m */ = {isa = PBXFileReference; fileEncoding = 4; lastKnownFileType = sourcecode.c.objc; path = FMFakeLoginHandler.m; sourceTree = "<group>"; };
		A3D891FF1B861B6F00819923 /* libOCMock.a */ = {isa = PBXFileReference; lastKnownFileType = archive.ar; path = libOCMock.a; sourceTree = "<group>"; };
		A3D892011B861B6F00819923 /* NSNotificationCenter+OCMAdditions.h */ = {isa = PBXFileReference; fileEncoding = 4; lastKnownFileType = sourcecode.c.h; path = "NSNotificationCenter+OCMAdditions.h"; sourceTree = "<group>"; };
		A3D892021B861B6F00819923 /* OCMArg.h */ = {isa = PBXFileReference; fileEncoding = 4; lastKnownFileType = sourcecode.c.h; path = OCMArg.h; sourceTree = "<group>"; };
		A3D892031B861B6F00819923 /* OCMConstraint.h */ = {isa = PBXFileReference; fileEncoding = 4; lastKnownFileType = sourcecode.c.h; path = OCMConstraint.h; sourceTree = "<group>"; };
		A3D892041B861B6F00819923 /* OCMLocation.h */ = {isa = PBXFileReference; fileEncoding = 4; lastKnownFileType = sourcecode.c.h; path = OCMLocation.h; sourceTree = "<group>"; };
		A3D892051B861B6F00819923 /* OCMMacroState.h */ = {isa = PBXFileReference; fileEncoding = 4; lastKnownFileType = sourcecode.c.h; path = OCMMacroState.h; sourceTree = "<group>"; };
		A3D892061B861B6F00819923 /* OCMock.h */ = {isa = PBXFileReference; fileEncoding = 4; lastKnownFileType = sourcecode.c.h; path = OCMock.h; sourceTree = "<group>"; };
		A3D892071B861B6F00819923 /* OCMockObject.h */ = {isa = PBXFileReference; fileEncoding = 4; lastKnownFileType = sourcecode.c.h; path = OCMockObject.h; sourceTree = "<group>"; };
		A3D892081B861B6F00819923 /* OCMRecorder.h */ = {isa = PBXFileReference; fileEncoding = 4; lastKnownFileType = sourcecode.c.h; path = OCMRecorder.h; sourceTree = "<group>"; };
		A3D892091B861B6F00819923 /* OCMStubRecorder.h */ = {isa = PBXFileReference; fileEncoding = 4; lastKnownFileType = sourcecode.c.h; path = OCMStubRecorder.h; sourceTree = "<group>"; };
		A3D8920C1B8633AF00819923 /* FMViewController.h */ = {isa = PBXFileReference; fileEncoding = 4; lastKnownFileType = sourcecode.c.h; path = FMViewController.h; sourceTree = "<group>"; };
		A3D8920D1B8633AF00819923 /* FMViewController.m */ = {isa = PBXFileReference; fileEncoding = 4; lastKnownFileType = sourcecode.c.objc; path = FMViewController.m; sourceTree = "<group>"; };
		A3D8920F1B8633AF00819923 /* FMLoginHandler.h */ = {isa = PBXFileReference; fileEncoding = 4; lastKnownFileType = sourcecode.c.h; path = FMLoginHandler.h; sourceTree = "<group>"; };
		A3D892101B8633AF00819923 /* FMLoginHandler.m */ = {isa = PBXFileReference; fileEncoding = 4; lastKnownFileType = sourcecode.c.objc; path = FMLoginHandler.m; sourceTree = "<group>"; };
		A3D892121B8633AF00819923 /* FMUser.h */ = {isa = PBXFileReference; fileEncoding = 4; lastKnownFileType = sourcecode.c.h; path = FMUser.h; sourceTree = "<group>"; };
		A3D892131B8633AF00819923 /* FMUser.m */ = {isa = PBXFileReference; fileEncoding = 4; lastKnownFileType = sourcecode.c.objc; path = FMUser.m; sourceTree = "<group>"; };
		A3D892151B8633AF00819923 /* FMLoginStorage.h */ = {isa = PBXFileReference; fileEncoding = 4; lastKnownFileType = sourcecode.c.h; path = FMLoginStorage.h; sourceTree = "<group>"; };
		A3D892161B8633AF00819923 /* FMLoginStorage.m */ = {isa = PBXFileReference; fileEncoding = 4; lastKnownFileType = sourcecode.c.objc; path = FMLoginStorage.m; sourceTree = "<group>"; };
		A3D892181B8633AF00819923 /* FMLoginView.h */ = {isa = PBXFileReference; fileEncoding = 4; lastKnownFileType = sourcecode.c.h; path = FMLoginView.h; sourceTree = "<group>"; };
		A3D892191B8633AF00819923 /* FMLoginView.m */ = {isa = PBXFileReference; fileEncoding = 4; lastKnownFileType = sourcecode.c.objc; path = FMLoginView.m; sourceTree = "<group>"; };
/* End PBXFileReference section */

/* Begin PBXFrameworksBuildPhase section */
		A3D8919E1B85C59200819923 /* Frameworks */ = {
			isa = PBXFrameworksBuildPhase;
			buildActionMask = 2147483647;
			files = (
			);
			runOnlyForDeploymentPostprocessing = 0;
		};
		A3D891B71B85C59200819923 /* Frameworks */ = {
			isa = PBXFrameworksBuildPhase;
			buildActionMask = 2147483647;
			files = (
				A3D8920A1B861B6F00819923 /* libOCMock.a in Frameworks */,
			);
			runOnlyForDeploymentPostprocessing = 0;
		};
/* End PBXFrameworksBuildPhase section */

/* Begin PBXGroup section */
		A3D891981B85C59200819923 = {
			isa = PBXGroup;
			children = (
				A3D891A31B85C59200819923 /* FightingMonster */,
				A3D891BD1B85C59200819923 /* FightingMonsterTests */,
				A3D891A21B85C59200819923 /* Products */,
			);
			sourceTree = "<group>";
		};
		A3D891A21B85C59200819923 /* Products */ = {
			isa = PBXGroup;
			children = (
				A3D891A11B85C59200819923 /* FightingMonster.app */,
				A3D891BA1B85C59200819923 /* FightingMonsterTests.xctest */,
			);
			name = Products;
			sourceTree = "<group>";
		};
		A3D891A31B85C59200819923 /* FightingMonster */ = {
			isa = PBXGroup;
			children = (
				A3D891CA1B85C68900819923 /* Classes */,
				A3D891CE1B85C68900819923 /* Other_Sources */,
				A3D891D11B85C68900819923 /* Resources */,
			);
			path = FightingMonster;
			sourceTree = "<group>";
		};
		A3D891BD1B85C59200819923 /* FightingMonsterTests */ = {
			isa = PBXGroup;
			children = (
				A3D891FE1B861B6F00819923 /* OCMock */,
				A3D891FA1B86170400819923 /* FakeLoginHandler */,
				A3D891ED1B86133500819923 /* FakeLoginView */,
				A3D891E61B85E23500819923 /* FMUserTests.m */,
				A3D891F41B8614DE00819923 /* FMViewControllerTests.m */,
				A3D891BE1B85C59200819923 /* Supporting Files */,
			);
			path = FightingMonsterTests;
			sourceTree = "<group>";
		};
		A3D891BE1B85C59200819923 /* Supporting Files */ = {
			isa = PBXGroup;
			children = (
				A3D891BF1B85C59200819923 /* Info.plist */,
			);
			name = "Supporting Files";
			sourceTree = "<group>";
		};
		A3D891CA1B85C68900819923 /* Classes */ = {
			isa = PBXGroup;
			children = (
				A3D8920B1B8633AF00819923 /* Controller */,
				A3D8920E1B8633AF00819923 /* Handler */,
				A3D892111B8633AF00819923 /* Model */,
				A3D892141B8633AF00819923 /* Storage */,
				A3D892171B8633AF00819923 /* View */,
				A3D891CB1B85C68900819923 /* AppDelegate */,
			);
			path = Classes;
			sourceTree = "<group>";
		};
		A3D891CB1B85C68900819923 /* AppDelegate */ = {
			isa = PBXGroup;
			children = (
				A3D891CC1B85C68900819923 /* AppDelegate.h */,
				A3D891CD1B85C68900819923 /* AppDelegate.m */,
			);
			path = AppDelegate;
			sourceTree = "<group>";
		};
		A3D891CE1B85C68900819923 /* Other_Sources */ = {
			isa = PBXGroup;
			children = (
				A3D891CF1B85C68900819923 /* Info.plist */,
				A3D891D01B85C68900819923 /* main.m */,
			);
			path = Other_Sources;
			sourceTree = "<group>";
		};
		A3D891D11B85C68900819923 /* Resources */ = {
			isa = PBXGroup;
			children = (
				75D9CBBE1B8C929D00AD4208 /* Storyboard.storyboard */,
				A3D891D21B85C68900819923 /* LaunchScreen.xib */,
				A3D891D61B85C68900819923 /* Images.xcassets */,
			);
			path = Resources;
			sourceTree = "<group>";
		};
		A3D891ED1B86133500819923 /* FakeLoginView */ = {
			isa = PBXGroup;
			children = (
				A3D891EE1B86134100819923 /* FMFakeLoginView.h */,
				A3D891EF1B86134100819923 /* FMFakeLoginView.m */,
			);
			path = FakeLoginView;
			sourceTree = "<group>";
		};
		A3D891FA1B86170400819923 /* FakeLoginHandler */ = {
			isa = PBXGroup;
			children = (
				A3D891FB1B86170400819923 /* FMFakeLoginHandler.h */,
				A3D891FC1B86170400819923 /* FMFakeLoginHandler.m */,
			);
			path = FakeLoginHandler;
			sourceTree = "<group>";
		};
		A3D891FE1B861B6F00819923 /* OCMock */ = {
			isa = PBXGroup;
			children = (
				A3D891FF1B861B6F00819923 /* libOCMock.a */,
				A3D892001B861B6F00819923 /* OCMock */,
			);
			path = OCMock;
			sourceTree = "<group>";
		};
		A3D892001B861B6F00819923 /* OCMock */ = {
			isa = PBXGroup;
			children = (
				A3D892011B861B6F00819923 /* NSNotificationCenter+OCMAdditions.h */,
				A3D892021B861B6F00819923 /* OCMArg.h */,
				A3D892031B861B6F00819923 /* OCMConstraint.h */,
				A3D892041B861B6F00819923 /* OCMLocation.h */,
				A3D892051B861B6F00819923 /* OCMMacroState.h */,
				A3D892061B861B6F00819923 /* OCMock.h */,
				A3D892071B861B6F00819923 /* OCMockObject.h */,
				A3D892081B861B6F00819923 /* OCMRecorder.h */,
				A3D892091B861B6F00819923 /* OCMStubRecorder.h */,
			);
			path = OCMock;
			sourceTree = "<group>";
		};
		A3D8920B1B8633AF00819923 /* Controller */ = {
			isa = PBXGroup;
			children = (
				A3D8920C1B8633AF00819923 /* FMViewController.h */,
				A3D8920D1B8633AF00819923 /* FMViewController.m */,
			);
			path = Controller;
			sourceTree = "<group>";
		};
		A3D8920E1B8633AF00819923 /* Handler */ = {
			isa = PBXGroup;
			children = (
				A3D8920F1B8633AF00819923 /* FMLoginHandler.h */,
				A3D892101B8633AF00819923 /* FMLoginHandler.m */,
			);
			path = Handler;
			sourceTree = "<group>";
		};
		A3D892111B8633AF00819923 /* Model */ = {
			isa = PBXGroup;
			children = (
				A3D892121B8633AF00819923 /* FMUser.h */,
				A3D892131B8633AF00819923 /* FMUser.m */,
			);
			path = Model;
			sourceTree = "<group>";
		};
		A3D892141B8633AF00819923 /* Storage */ = {
			isa = PBXGroup;
			children = (
				A3D892151B8633AF00819923 /* FMLoginStorage.h */,
				A3D892161B8633AF00819923 /* FMLoginStorage.m */,
			);
			path = Storage;
			sourceTree = "<group>";
		};
		A3D892171B8633AF00819923 /* View */ = {
			isa = PBXGroup;
			children = (
				A3D892181B8633AF00819923 /* FMLoginView.h */,
				A3D892191B8633AF00819923 /* FMLoginView.m */,
			);
			path = View;
			sourceTree = "<group>";
		};
/* End PBXGroup section */

/* Begin PBXNativeTarget section */
		A3D891A01B85C59200819923 /* FightingMonster */ = {
			isa = PBXNativeTarget;
			buildConfigurationList = A3D891C41B85C59200819923 /* Build configuration list for PBXNativeTarget "FightingMonster" */;
			buildPhases = (
				A3D8919D1B85C59200819923 /* Sources */,
				A3D8919E1B85C59200819923 /* Frameworks */,
				A3D8919F1B85C59200819923 /* Resources */,
			);
			buildRules = (
			);
			dependencies = (
			);
			name = FightingMonster;
			productName = FightingMonster;
			productReference = A3D891A11B85C59200819923 /* FightingMonster.app */;
			productType = "com.apple.product-type.application";
		};
		A3D891B91B85C59200819923 /* FightingMonsterTests */ = {
			isa = PBXNativeTarget;
			buildConfigurationList = A3D891C71B85C59200819923 /* Build configuration list for PBXNativeTarget "FightingMonsterTests" */;
			buildPhases = (
				A3D891B61B85C59200819923 /* Sources */,
				A3D891B71B85C59200819923 /* Frameworks */,
				A3D891B81B85C59200819923 /* Resources */,
			);
			buildRules = (
			);
			dependencies = (
				A3D891BC1B85C59200819923 /* PBXTargetDependency */,
			);
			name = FightingMonsterTests;
			productName = FightingMonsterTests;
			productReference = A3D891BA1B85C59200819923 /* FightingMonsterTests.xctest */;
			productType = "com.apple.product-type.bundle.unit-test";
		};
/* End PBXNativeTarget section */

/* Begin PBXProject section */
		A3D891991B85C59200819923 /* Project object */ = {
			isa = PBXProject;
			attributes = {
				LastUpgradeCheck = 0640;
				ORGANIZATIONNAME = YOPESO;
				TargetAttributes = {
					A3D891A01B85C59200819923 = {
						CreatedOnToolsVersion = 6.4;
					};
					A3D891B91B85C59200819923 = {
						CreatedOnToolsVersion = 6.4;
						TestTargetID = A3D891A01B85C59200819923;
					};
				};
			};
			buildConfigurationList = A3D8919C1B85C59200819923 /* Build configuration list for PBXProject "FightingMonster" */;
			compatibilityVersion = "Xcode 3.2";
			developmentRegion = English;
			hasScannedForEncodings = 0;
			knownRegions = (
				en,
				Base,
			);
			mainGroup = A3D891981B85C59200819923;
			productRefGroup = A3D891A21B85C59200819923 /* Products */;
			projectDirPath = "";
			projectRoot = "";
			targets = (
				A3D891A01B85C59200819923 /* FightingMonster */,
				A3D891B91B85C59200819923 /* FightingMonsterTests */,
			);
		};
/* End PBXProject section */

/* Begin PBXResourcesBuildPhase section */
		A3D8919F1B85C59200819923 /* Resources */ = {
			isa = PBXResourcesBuildPhase;
			buildActionMask = 2147483647;
			files = (
				A3D891DC1B85C68900819923 /* Images.xcassets in Resources */,
				A3D891DA1B85C68900819923 /* LaunchScreen.xib in Resources */,
				75D9CBBF1B8C929D00AD4208 /* Storyboard.storyboard in Resources */,
			);
			runOnlyForDeploymentPostprocessing = 0;
		};
		A3D891B81B85C59200819923 /* Resources */ = {
			isa = PBXResourcesBuildPhase;
			buildActionMask = 2147483647;
			files = (
			);
			runOnlyForDeploymentPostprocessing = 0;
		};
/* End PBXResourcesBuildPhase section */

/* Begin PBXSourcesBuildPhase section */
		A3D8919D1B85C59200819923 /* Sources */ = {
			isa = PBXSourcesBuildPhase;
			buildActionMask = 2147483647;
			files = (
				A3D891D71B85C68900819923 /* AppDelegate.m in Sources */,
				A3D891D91B85C68900819923 /* main.m in Sources */,
				A3D8921E1B8633AF00819923 /* FMLoginView.m in Sources */,
				A3D8921D1B8633AF00819923 /* FMLoginStorage.m in Sources */,
				A3D8921A1B8633AF00819923 /* FMViewController.m in Sources */,
				A3D8921B1B8633AF00819923 /* FMLoginHandler.m in Sources */,
				A3D8921C1B8633AF00819923 /* FMUser.m in Sources */,
			);
			runOnlyForDeploymentPostprocessing = 0;
		};
		A3D891B61B85C59200819923 /* Sources */ = {
			isa = PBXSourcesBuildPhase;
			buildActionMask = 2147483647;
			files = (
				A3D891FD1B86170400819923 /* FMFakeLoginHandler.m in Sources */,
				A3D891F51B8614DE00819923 /* FMViewControllerTests.m in Sources */,
				A3D891F01B86134100819923 /* FMFakeLoginView.m in Sources */,
				A3D891E71B85E23500819923 /* FMUserTests.m in Sources */,
			);
			runOnlyForDeploymentPostprocessing = 0;
		};
/* End PBXSourcesBuildPhase section */

/* Begin PBXTargetDependency section */
		A3D891BC1B85C59200819923 /* PBXTargetDependency */ = {
			isa = PBXTargetDependency;
			target = A3D891A01B85C59200819923 /* FightingMonster */;
			targetProxy = A3D891BB1B85C59200819923 /* PBXContainerItemProxy */;
		};
/* End PBXTargetDependency section */

/* Begin PBXVariantGroup section */
		A3D891D21B85C68900819923 /* LaunchScreen.xib */ = {
			isa = PBXVariantGroup;
			children = (
				A3D891D31B85C68900819923 /* Base */,
			);
			name = LaunchScreen.xib;
			sourceTree = "<group>";
		};
/* End PBXVariantGroup section */

/* Begin XCBuildConfiguration section */
		A3D891C21B85C59200819923 /* Debug */ = {
			isa = XCBuildConfiguration;
			buildSettings = {
				ALWAYS_SEARCH_USER_PATHS = NO;
				CLANG_CXX_LANGUAGE_STANDARD = "gnu++0x";
				CLANG_CXX_LIBRARY = "libc++";
				CLANG_ENABLE_MODULES = YES;
				CLANG_ENABLE_OBJC_ARC = YES;
				CLANG_WARN_BOOL_CONVERSION = YES;
				CLANG_WARN_CONSTANT_CONVERSION = YES;
				CLANG_WARN_DIRECT_OBJC_ISA_USAGE = YES_ERROR;
				CLANG_WARN_EMPTY_BODY = YES;
				CLANG_WARN_ENUM_CONVERSION = YES;
				CLANG_WARN_INT_CONVERSION = YES;
				CLANG_WARN_OBJC_ROOT_CLASS = YES_ERROR;
				CLANG_WARN_UNREACHABLE_CODE = YES;
				CLANG_WARN__DUPLICATE_METHOD_MATCH = YES;
				"CODE_SIGN_IDENTITY[sdk=iphoneos*]" = "iPhone Developer";
				COPY_PHASE_STRIP = NO;
				DEBUG_INFORMATION_FORMAT = "dwarf-with-dsym";
				ENABLE_STRICT_OBJC_MSGSEND = YES;
				GCC_C_LANGUAGE_STANDARD = gnu99;
				GCC_DYNAMIC_NO_PIC = NO;
				GCC_NO_COMMON_BLOCKS = YES;
				GCC_OPTIMIZATION_LEVEL = 0;
				GCC_PREPROCESSOR_DEFINITIONS = (
					"DEBUG=1",
					"$(inherited)",
				);
				GCC_SYMBOLS_PRIVATE_EXTERN = NO;
				GCC_WARN_64_TO_32_BIT_CONVERSION = YES;
				GCC_WARN_ABOUT_RETURN_TYPE = YES_ERROR;
				GCC_WARN_UNDECLARED_SELECTOR = YES;
				GCC_WARN_UNINITIALIZED_AUTOS = YES_AGGRESSIVE;
				GCC_WARN_UNUSED_FUNCTION = YES;
				GCC_WARN_UNUSED_VARIABLE = YES;
				IPHONEOS_DEPLOYMENT_TARGET = 8.4;
				MTL_ENABLE_DEBUG_INFO = YES;
				ONLY_ACTIVE_ARCH = YES;
				SDKROOT = iphoneos;
				TARGETED_DEVICE_FAMILY = "1,2";
			};
			name = Debug;
		};
		A3D891C31B85C59200819923 /* Release */ = {
			isa = XCBuildConfiguration;
			buildSettings = {
				ALWAYS_SEARCH_USER_PATHS = NO;
				CLANG_CXX_LANGUAGE_STANDARD = "gnu++0x";
				CLANG_CXX_LIBRARY = "libc++";
				CLANG_ENABLE_MODULES = YES;
				CLANG_ENABLE_OBJC_ARC = YES;
				CLANG_WARN_BOOL_CONVERSION = YES;
				CLANG_WARN_CONSTANT_CONVERSION = YES;
				CLANG_WARN_DIRECT_OBJC_ISA_USAGE = YES_ERROR;
				CLANG_WARN_EMPTY_BODY = YES;
				CLANG_WARN_ENUM_CONVERSION = YES;
				CLANG_WARN_INT_CONVERSION = YES;
				CLANG_WARN_OBJC_ROOT_CLASS = YES_ERROR;
				CLANG_WARN_UNREACHABLE_CODE = YES;
				CLANG_WARN__DUPLICATE_METHOD_MATCH = YES;
				"CODE_SIGN_IDENTITY[sdk=iphoneos*]" = "iPhone Developer";
				COPY_PHASE_STRIP = NO;
				DEBUG_INFORMATION_FORMAT = "dwarf-with-dsym";
				ENABLE_NS_ASSERTIONS = NO;
				ENABLE_STRICT_OBJC_MSGSEND = YES;
				GCC_C_LANGUAGE_STANDARD = gnu99;
				GCC_NO_COMMON_BLOCKS = YES;
				GCC_WARN_64_TO_32_BIT_CONVERSION = YES;
				GCC_WARN_ABOUT_RETURN_TYPE = YES_ERROR;
				GCC_WARN_UNDECLARED_SELECTOR = YES;
				GCC_WARN_UNINITIALIZED_AUTOS = YES_AGGRESSIVE;
				GCC_WARN_UNUSED_FUNCTION = YES;
				GCC_WARN_UNUSED_VARIABLE = YES;
				IPHONEOS_DEPLOYMENT_TARGET = 8.4;
				MTL_ENABLE_DEBUG_INFO = NO;
				SDKROOT = iphoneos;
				TARGETED_DEVICE_FAMILY = "1,2";
				VALIDATE_PRODUCT = YES;
			};
			name = Release;
		};
		A3D891C51B85C59200819923 /* Debug */ = {
			isa = XCBuildConfiguration;
			buildSettings = {
				ASSETCATALOG_COMPILER_APPICON_NAME = AppIcon;
				INFOPLIST_FILE = "$(SRCROOT)/FightingMonster/Other_Sources/Info.plist";
				LD_RUNPATH_SEARCH_PATHS = "$(inherited) @executable_path/Frameworks";
				PRODUCT_NAME = "$(TARGET_NAME)";
			};
			name = Debug;
		};
		A3D891C61B85C59200819923 /* Release */ = {
			isa = XCBuildConfiguration;
			buildSettings = {
				ASSETCATALOG_COMPILER_APPICON_NAME = AppIcon;
				INFOPLIST_FILE = "$(SRCROOT)/FightingMonster/Other_Sources/Info.plist";
				LD_RUNPATH_SEARCH_PATHS = "$(inherited) @executable_path/Frameworks";
				PRODUCT_NAME = "$(TARGET_NAME)";
			};
			name = Release;
		};
		A3D891C81B85C59200819923 /* Debug */ = {
			isa = XCBuildConfiguration;
			buildSettings = {
				BUNDLE_LOADER = "$(TEST_HOST)";
				FRAMEWORK_SEARCH_PATHS = (
					"$(SDKROOT)/Developer/Library/Frameworks",
					"$(inherited)",
				);
				GCC_PREPROCESSOR_DEFINITIONS = (
					"DEBUG=1",
					"$(inherited)",
				);
				HEADER_SEARCH_PATHS = (
					"$(inherited)",
					/Applications/Xcode.app/Contents/Developer/Toolchains/XcodeDefault.xctoolchain/usr/include,
					"$(PROJECT_DIR)/FightingMonsterTests/OCMock/OCMock/",
				);
				INFOPLIST_FILE = FightingMonsterTests/Info.plist;
				LD_RUNPATH_SEARCH_PATHS = "$(inherited) @executable_path/Frameworks @loader_path/Frameworks";
				LIBRARY_SEARCH_PATHS = (
					"$(inherited)",
					"$(PROJECT_DIR)/FightingMonsterTests/OCMock",
				);
				OTHER_LDFLAGS = (
					"$(inherited)",
					"-framework",
					XCTest,
					"-ObjC",
				);
				PRODUCT_NAME = "$(TARGET_NAME)";
				TEST_HOST = "$(BUILT_PRODUCTS_DIR)/FightingMonster.app/FightingMonster";
			};
			name = Debug;
		};
		A3D891C91B85C59200819923 /* Release */ = {
			isa = XCBuildConfiguration;
			buildSettings = {
				BUNDLE_LOADER = "$(TEST_HOST)";
				FRAMEWORK_SEARCH_PATHS = (
					"$(SDKROOT)/Developer/Library/Frameworks",
					"$(inherited)",
				);
				HEADER_SEARCH_PATHS = (
					"$(inherited)",
					/Applications/Xcode.app/Contents/Developer/Toolchains/XcodeDefault.xctoolchain/usr/include,
					"$(PROJECT_DIR)/FightingMonsterTests/OCMock/OCMock/",
				);
				INFOPLIST_FILE = FightingMonsterTests/Info.plist;
				LD_RUNPATH_SEARCH_PATHS = "$(inherited) @executable_path/Frameworks @loader_path/Frameworks";
				LIBRARY_SEARCH_PATHS = (
					"$(inherited)",
					"$(PROJECT_DIR)/FightingMonsterTests/OCMock",
				);
				OTHER_LDFLAGS = (
					"$(inherited)",
					"-framework",
					XCTest,
					"-ObjC",
				);
				PRODUCT_NAME = "$(TARGET_NAME)";
				TEST_HOST = "$(BUILT_PRODUCTS_DIR)/FightingMonster.app/FightingMonster";
			};
			name = Release;
		};
/* End XCBuildConfiguration section */

/* Begin XCConfigurationList section */
		A3D8919C1B85C59200819923 /* Build configuration list for PBXProject "FightingMonster" */ = {
			isa = XCConfigurationList;
			buildConfigurations = (
				A3D891C21B85C59200819923 /* Debug */,
				A3D891C31B85C59200819923 /* Release */,
			);
			defaultConfigurationIsVisible = 0;
			defaultConfigurationName = Release;
		};
		A3D891C41B85C59200819923 /* Build configuration list for PBXNativeTarget "FightingMonster" */ = {
			isa = XCConfigurationList;
			buildConfigurations = (
				A3D891C51B85C59200819923 /* Debug */,
				A3D891C61B85C59200819923 /* Release */,
			);
			defaultConfigurationIsVisible = 0;
			defaultConfigurationName = Release;
		};
		A3D891C71B85C59200819923 /* Build configuration list for PBXNativeTarget "FightingMonsterTests" */ = {
			isa = XCConfigurationList;
			buildConfigurations = (
				A3D891C81B85C59200819923 /* Debug */,
				A3D891C91B85C59200819923 /* Release */,
			);
			defaultConfigurationIsVisible = 0;
			defaultConfigurationName = Release;
		};
/* End XCConfigurationList section */
	};
	rootObject = A3D891991B85C59200819923 /* Project object */;
}
